
Microsoft Visual Studio Solution File, Format Version 12.00
# Visual Studio Version 17
VisualStudioVersion = 17.4.33205.214
MinimumVisualStudioVersion = 10.0.40219.1
Project("{FAE04EC0-301F-11D3-BF4B-00C04F79EFBC}") = "BibliotecaSistema", "BibliotecaSistema.csproj", "{85032A21-CFE2-481A-98D8-0A3A97931611}"
EndProject
Global
	GlobalSection(SolutionConfigurationPlatforms) = preSolution
		Debug|Any CPU = Debug|Any CPU
		Release|Any CPU = Release|Any CPU
	EndGlobalSection
	GlobalSection(ProjectConfigurationPlatforms) = postSolution
		{85032A21-CFE2-481A-98D8-0A3A97931611}.Debug|Any CPU.ActiveCfg = Debug|Any CPU
		{85032A21-CFE2-481A-98D8-0A3A97931611}.Debug|Any CPU.Build.0 = Debug|Any CPU
		{85032A21-CFE2-481A-98D8-0A3A97931611}.Release|Any CPU.ActiveCfg = Release|Any CPU
		{85032A21-CFE2-481A-98D8-0A3A97931611}.Release|Any CPU.Build.0 = Release|Any CPU
	EndGlobalSection
	GlobalSection(SolutionProperties) = preSolution
		HideSolutionNode = FALSE
	EndGlobalSection
	GlobalSection(ExtensibilityGlobals) = postSolution
		SolutionGuid = {7FCBFC09-640E-471E-A76A-FF10E67EA927}
	EndGlobalSection
EndGlobal
